
Microsoft Visual Studio Solution File, Format Version 12.00
# Visual Studio Version 16
VisualStudioVersion = 16.0.29326.143
MinimumVisualStudioVersion = 10.0.40219.1
Project("{FAE04EC0-301F-11D3-BF4B-00C04F79EFBC}") = "ServerSideCharacter", "ServerSideCharacter.csproj", "{C1306C83-DE65-4219-91C9-F376EFEBBE7D}"
EndProject
Global
	GlobalSection(SolutionConfigurationPlatforms) = preSolution
		Debug|Any CPU = Debug|Any CPU
		Release|Any CPU = Release|Any CPU
	EndGlobalSection
	GlobalSection(ProjectConfigurationPlatforms) = postSolution
		{C1306C83-DE65-4219-91C9-F376EFEBBE7D}.Debug|Any CPU.ActiveCfg = Debug|Any CPU
		{C1306C83-DE65-4219-91C9-F376EFEBBE7D}.Debug|Any CPU.Build.0 = Debug|Any CPU
		{C1306C83-DE65-4219-91C9-F376EFEBBE7D}.Release|Any CPU.ActiveCfg = Release|Any CPU
		{C1306C83-DE65-4219-91C9-F376EFEBBE7D}.Release|Any CPU.Build.0 = Release|Any CPU
	EndGlobalSection
	GlobalSection(SolutionProperties) = preSolution
		HideSolutionNode = FALSE
	EndGlobalSection
	GlobalSection(ExtensibilityGlobals) = postSolution
		SolutionGuid = {374F68B9-B796-4DC8-883C-FB6EF85BF3CC}
	EndGlobalSection
EndGlobal
